
Microsoft Visual Studio Solution File, Format Version 11.00
# Visual Studio 2010
Project("{FAE04EC0-301F-11D3-BF4B-00C04F79EFBC}") = "nxt", "nxt.csproj", "{3A770F28-1B72-4812-9B9F-2442C5F48778}"
EndProject
Global
	GlobalSection(SolutionConfigurationPlatforms) = preSolution
		Debug|x86 = Debug|x86
		Release|x86 = Release|x86
	EndGlobalSection
	GlobalSection(ProjectConfigurationPlatforms) = postSolution
		{3A770F28-1B72-4812-9B9F-2442C5F48778}.Debug|x86.ActiveCfg = Debug|x86
		{3A770F28-1B72-4812-9B9F-2442C5F48778}.Debug|x86.Build.0 = Debug|x86
		{3A770F28-1B72-4812-9B9F-2442C5F48778}.Release|x86.ActiveCfg = Release|x86
		{3A770F28-1B72-4812-9B9F-2442C5F48778}.Release|x86.Build.0 = Release|x86
	EndGlobalSection
	GlobalSection(MonoDevelopProperties) = preSolution
		StartupItem = nxt.csproj
	EndGlobalSection
EndGlobal
